
Microsoft Visual Studio Solution File, Format Version 12.00
# Visual Studio Version 17
VisualStudioVersion = 17.1.32228.430
MinimumVisualStudioVersion = 10.0.40219.1
Project("{FAE04EC0-301F-11D3-BF4B-00C04F79EFBC}") = "Practise_17", "Practise_17\Practise_17.csproj", "{A58A1A8D-BAF9-429D-A6F0-F37022991E16}"
EndProject
Project("{FAE04EC0-301F-11D3-BF4B-00C04F79EFBC}") = "ClassLibrary", "ClassLibrary\ClassLibrary.csproj", "{D2ED1878-E84E-485C-8D66-E7F476A6ABD6}"
EndProject
Global
	GlobalSection(SolutionConfigurationPlatforms) = preSolution
		Debug|Any CPU = Debug|Any CPU
		Release|Any CPU = Release|Any CPU
	EndGlobalSection
	GlobalSection(ProjectConfigurationPlatforms) = postSolution
		{A58A1A8D-BAF9-429D-A6F0-F37022991E16}.Debug|Any CPU.ActiveCfg = Debug|Any CPU
		{A58A1A8D-BAF9-429D-A6F0-F37022991E16}.Debug|Any CPU.Build.0 = Debug|Any CPU
		{A58A1A8D-BAF9-429D-A6F0-F37022991E16}.Release|Any CPU.ActiveCfg = Release|Any CPU
		{A58A1A8D-BAF9-429D-A6F0-F37022991E16}.Release|Any CPU.Build.0 = Release|Any CPU
		{D2ED1878-E84E-485C-8D66-E7F476A6ABD6}.Debug|Any CPU.ActiveCfg = Debug|Any CPU
		{D2ED1878-E84E-485C-8D66-E7F476A6ABD6}.Debug|Any CPU.Build.0 = Debug|Any CPU
		{D2ED1878-E84E-485C-8D66-E7F476A6ABD6}.Release|Any CPU.ActiveCfg = Release|Any CPU
		{D2ED1878-E84E-485C-8D66-E7F476A6ABD6}.Release|Any CPU.Build.0 = Release|Any CPU
	EndGlobalSection
	GlobalSection(SolutionProperties) = preSolution
		HideSolutionNode = FALSE
	EndGlobalSection
	GlobalSection(ExtensibilityGlobals) = postSolution
		SolutionGuid = {25AAD30D-E839-4CFD-BF38-13EB60ECD3C6}
	EndGlobalSection
EndGlobal
